Microsoft Visual Studio Solution File, Format Version 11.00
# Visual Studio 2008

Project("{FF78428E-54FF-D744-E856-DBC9F73DB4B1}") = "ProjectGreen", "Assembly-CSharp.csproj", "{5B361D35-3808-0C0A-1EB5-EF46C128842A}"
EndProject
Global
	GlobalSection(SolutionConfigurationPlatforms) = preSolution
		Debug|Any CPU = Debug|Any CPU
		Release|Any CPU = Release|Any CPU
	EndGlobalSection
	GlobalSection(ProjectConfigurationPlatforms) = postSolution
		{5B361D35-3808-0C0A-1EB5-EF46C128842A}.Debug|Any CPU.ActiveCfg = Debug|Any CPU
		{5B361D35-3808-0C0A-1EB5-EF46C128842A}.Debug|Any CPU.Build.0 = Debug|Any CPU
		{5B361D35-3808-0C0A-1EB5-EF46C128842A}.Release|Any CPU.ActiveCfg = Release|Any CPU
		{5B361D35-3808-0C0A-1EB5-EF46C128842A}.Release|Any CPU.Build.0 = Release|Any CPU
	EndGlobalSection
	GlobalSection(SolutionProperties) = preSolution
		HideSolutionNode = FALSE
	EndGlobalSection
	GlobalSection(MonoDevelopProperties) = preSolution
		StartupItem = Assembly-CSharp.csproj
	EndGlobalSection
EndGlobal
